{
  "requires": true,
  "lockfileVersion": 1,
  "dependencies": {
    "@fortawesome/fontawesome-free": {
      "version": "5.13.1",
      "resolved": "https://registry.npmjs.org/@fortawesome/fontawesome-free/-/fontawesome-free-5.13.1.tgz",
      "integrity": "sha512-D819f34FLHeBN/4xvw0HR0u7U2G7RqjPSggXqf7LktsxWQ48VAfGwvMrhcVuaZV2fF069c/619RdgCCms0DHhw=="
    },
    "amdefine": {
      "version": "1.0.1",
      "resolved": "https://registry.npmjs.org/amdefine/-/amdefine-1.0.1.tgz",
      "integrity": "sha1-SlKCrBZHKek2Gbz9OtFR+BfOkfU="
    },
    "async": {
      "version": "0.2.10",
      "resolved": "https://registry.npmjs.org/async/-/async-0.2.10.tgz",
      "integrity": "sha1-trvgsGdLnXGXCMo43owjfLUmw9E="
    },
    "optimist": {
      "version": "0.3.7",
      "resolved": "https://registry.npmjs.org/optimist/-/optimist-0.3.7.tgz",
      "integrity": "sha1-yQlBrVnkJzMokjB00s8ufLxuwNk=",
      "requires": {
        "wordwrap": "~0.0.2"
      }
    },
    "progressbar.js": {
      "version": "1.1.0",
      "resolved": "https://registry.npmjs.org/progressbar.js/-/progressbar.js-1.1.0.tgz",
      "integrity": "sha512-K68/xcyXKo2I6T3PfIkXrRaycxROmWeU4bugb49iulWR25cU94PM0cfZ47S0jDhG5K3vPhZwCOy1fgb5Pgh6UQ==",
      "requires": {
        "shifty": "^2.1.2"
      }
    },
    "require": {
      "version": "2.4.20",
      "resolved": "https://registry.npmjs.org/require/-/require-2.4.20.tgz",
      "integrity": "sha1-Zstrqqu2XeinHXk/XGX9GE83mLY=",
      "requires": {
        "std": "0.1.40",
        "uglify-js": "2.3.0"
      }
    },
    "shifty": {
      "version": "2.9.1",
      "resolved": "https://registry.npmjs.org/shifty/-/shifty-2.9.1.tgz",
      "integrity": "sha512-vo9ruo+r214O3QDyoCDzBjQ65lXm0L1fL8HMZG/SA80RdP68eSxj/4yaTj6XdLsMRjdB/H9igApx9w8Wr3jTjQ=="
    },
    "source-map": {
      "version": "0.1.43",
      "resolved": "https://registry.npmjs.org/source-map/-/source-map-0.1.43.tgz",
      "integrity": "sha1-wkvBRspRfBRx9drL4lcbK3+eM0Y=",
      "requires": {
        "amdefine": ">=0.0.4"
      }
    },
    "std": {
      "version": "0.1.40",
      "resolved": "https://registry.npmjs.org/std/-/std-0.1.40.tgz",
      "integrity": "sha1-Nnil9lCU2eG2teJu2/wCErg0K3E="
    },
    "uglify-js": {
      "version": "2.3.0",
      "resolved": "https://registry.npmjs.org/uglify-js/-/uglify-js-2.3.0.tgz",
      "integrity": "sha1-LN7BbTeKiituz7aYl4TPi3rlSR8=",
      "requires": {
        "async": "~0.2.6",
        "optimist": "~0.3.5",
        "source-map": "~0.1.7"
      }
    },
    "uniq": {
      "version": "1.0.1",
      "resolved": "https://registry.npmjs.org/uniq/-/uniq-1.0.1.tgz",
      "integrity": "sha1-sxxa6CVIRKOoKBVBzisEuGWnNP8="
    },
    "wordwrap": {
      "version": "0.0.3",
      "resolved": "https://registry.npmjs.org/wordwrap/-/wordwrap-0.0.3.tgz",
      "integrity": "sha1-o9XabNXAvAAI03I0u68b7WMFkQc="
    }
  }
}
